github.com/adityatelange/hugo-PaperMod v0.0.0-20240621184713-9ea3bb0e1f3a h1:y7opcJjy8jMqSUsbV4pIaQOhn4PhzfWn7p9VdMnpKT0=
github.com/adityatelange/hugo-PaperMod v0.0.0-20240621184713-9ea3bb0e1f3a/go.mod h1:HCHxNMKYdGafUYjVV3ICiAqznZK2yH0iI53jqcDFDdQ=
github.com/adityatelange/hugo-PaperMod v0.0.0-20240817144252-58c4841c2632 h1:lAybMw0AsO0cNrVRv1w9Hq2g6J2hP0YiSoOaqju/2To=
github.com/adityatelange/hugo-PaperMod v0.0.0-20240817144252-58c4841c2632/go.mod h1:HCHxNMKYdGafUYjVV3ICiAqznZK2yH0iI53jqcDFDdQ=
github.com/mfg92/hugo-shortcode-gallery v1.2.0 h1:gkCZ08gNSoU/RymTScnR+Dh0gEwhlaxEjI0o2NTpWbA=
github.com/mfg92/hugo-shortcode-gallery v1.2.0/go.mod h1:zKnMCx7OJJPTfVNalUAFGkNVABLCqIuPl57NeBtSFc0=
github.com/mfg92/hugo-shortcode-gallery v1.3.0 h1:7wiUUu7adN3JbcshZfZ+Q0ZLDilPoGkquoor0ZcdJVU=
github.com/mfg92/hugo-shortcode-gallery v1.3.0/go.mod h1:SEdbeBGSMX2lP+4nCqqy9AyTWWktUMWXYnR3r1l01Rw=
